<?xml version="1.0" encoding="utf-8"?>
<Project ToolsVersion="4.0" xmlns="http://schemas.microsoft.com/developer/msbuild/2003">
  <ItemGroup>
    <Filter Include="Source Files">
      <UniqueIdentifier>{4FC737F1-C7A5-4376-A066-2A32D752A2FF}</UniqueIdentifier>
      <Extensions>cpp;c;cc;cxx;c++;cppm;ixx;def;odl;idl;hpj;bat;asm;asmx</Extensions>
    </Filter>
    <Filter Include="Header Files">
      <UniqueIdentifier>{93995380-89BD-4b04-88EB-625FBE52EBFB}</UniqueIdentifier>
      <Extensions>h;hh;hpp;hxx;h++;hm;inl;inc;ipp;xsd</Extensions>
    </Filter>
    <Filter Include="Resource Files">
      <UniqueIdentifier>{67DA6AB6-F800-4c08-8B7A-83BB121AAD01}</UniqueIdentifier>
      <Extensions>rc;ico;cur;bmp;dlg;rc2;rct;bin;rgs;gif;jpg;jpeg;jpe;resx;tiff;tif;png;wav;mfcribbon-ms</Extensions>
    </Filter>
    <Filter Include="pkg">
      <UniqueIdentifier>{b4277660-89ad-4eaa-ac8b-cc733868eb8e}</UniqueIdentifier>
    </Filter>
  </ItemGroup>
  <ItemGroup>
    <ClCompile Include="MFRTests.cpp">
      <Filter>Source Files</Filter>
    </ClCompile>
    <ClCompile Include="PlaceholderTest.cpp">
      <Filter>Source Files</Filter>
    </ClCompile>
    <ClCompile Include="MfrAttributeTests.cpp">
      <Filter>Source Files</Filter>
    </ClCompile>
    <ClCompile Include="MfrGetProfileTests.cpp">
      <Filter>Source Files</Filter>
    </ClCompile>
    <ClCompile Include="MfrWriteProfileTests.cpp">
      <Filter>Source Files</Filter>
    </ClCompile>
    <ClCompile Include="MfrCopyFileTests.cpp">
      <Filter>Source Files</Filter>
    </ClCompile>
    <ClCompile Include="MfrCleanup.cpp">
      <Filter>Source Files</Filter>
    </ClCompile>
    <ClCompile Include="MfrCreateDirectoryTests.cpp">
      <Filter>Source Files</Filter>
    </ClCompile>
    <ClCompile Include="MfrRemoveDeleteTests.cpp">
      <Filter>Source Files</Filter>
    </ClCompile>
    <ClCompile Include="MfrCreateFiles.cpp">
      <Filter>Source Files</Filter>
    </ClCompile>
    <ClCompile Include="MfrCreateOthersTests.cpp">
      <Filter>Source Files</Filter>
    </ClCompile>
    <ClCompile Include="MfrMoveFilesTests.cpp">
      <Filter>Source Files</Filter>
    </ClCompile>
    <ClCompile Include="MfrReplaceFileTests.cpp">
      <Filter>Source Files</Filter>
    </ClCompile>
    <ClCompile Include="MfrFindFileTests.cpp">
      <Filter>Source Files</Filter>
    </ClCompile>
    <ClCompile Include="OddDirectoryTests.cpp">
      <Filter>Source Files</Filter>
    </ClCompile>
  </ItemGroup>
  <ItemGroup>
    <Xml Include="AppXManifest.xml">
      <Filter>pkg</Filter>
    </Xml>
  </ItemGroup>
  <ItemGroup>
    <None Include="config.json">
      <Filter>pkg</Filter>
    </None>
    <None Include="readme.md" />
    <None Include="packages.config" />
    <None Include="file.ini">
      <Filter>pkg</Filter>
    </None>
  </ItemGroup>
  <ItemGroup>
    <Text Include="FileMapping.txt">
      <Filter>pkg</Filter>
    </Text>
    <Text Include="File.txt">
      <Filter>pkg</Filter>
    </Text>
  </ItemGroup>
  <ItemGroup>
    <ClInclude Include="MfrAttributeTests.h">
      <Filter>Header Files</Filter>
    </ClInclude>
    <ClInclude Include="MfrGetProfileTests.h">
      <Filter>Header Files</Filter>
    </ClInclude>
    <ClInclude Include="MFRConsts.h">
      <Filter>Header Files</Filter>
    </ClInclude>
    <ClInclude Include="MfrWriteProfileTests.h">
      <Filter>Header Files</Filter>
    </ClInclude>
    <ClInclude Include="MfrCopyFileTests.h">
      <Filter>Header Files</Filter>
    </ClInclude>
    <ClInclude Include="MfrCleanup.h">
      <Filter>Header Files</Filter>
    </ClInclude>
    <ClInclude Include="MfrCreateDirectoryTests.h">
      <Filter>Header Files</Filter>
    </ClInclude>
    <ClInclude Include="MfrRemoveDeleteTests.h">
      <Filter>Header Files</Filter>
    </ClInclude>
    <ClInclude Include="MfrCreateFileTests.h">
      <Filter>Header Files</Filter>
    </ClInclude>
    <ClInclude Include="MfrCreateOthersTests.h">
      <Filter>Header Files</Filter>
    </ClInclude>
    <ClInclude Include="MfrMoveFilesTests.h">
      <Filter>Header Files</Filter>
    </ClInclude>
    <ClInclude Include="MfrReplaceFileTests.h">
      <Filter>Header Files</Filter>
    </ClInclude>
    <ClInclude Include="MfrFindFileTests.h">
      <Filter>Header Files</Filter>
    </ClInclude>
  </ItemGroup>
</Project>